
Microsoft Visual Studio Solution File, Format Version 12.00
# Visual Studio 15
VisualStudioVersion = 15.0.28307.329
MinimumVisualStudioVersion = 10.0.40219.1
Project("{9A19103F-16F7-4668-BE54-9A1E7A4F7556}") = "IGI_5", "IGI_2\IGI_5.csproj", "{999F02FD-5F46-4198-9347-2E9F79BE7315}"
EndProject
Global
	GlobalSection(SolutionConfigurationPlatforms) = preSolution
		Debug|Any CPU = Debug|Any CPU
		Release|Any CPU = Release|Any CPU
	EndGlobalSection
	GlobalSection(ProjectConfigurationPlatforms) = postSolution
		{999F02FD-5F46-4198-9347-2E9F79BE7315}.Debug|Any CPU.ActiveCfg = Debug|Any CPU
		{999F02FD-5F46-4198-9347-2E9F79BE7315}.Debug|Any CPU.Build.0 = Debug|Any CPU
		{999F02FD-5F46-4198-9347-2E9F79BE7315}.Release|Any CPU.ActiveCfg = Release|Any CPU
		{999F02FD-5F46-4198-9347-2E9F79BE7315}.Release|Any CPU.Build.0 = Release|Any CPU
	EndGlobalSection
	GlobalSection(SolutionProperties) = preSolution
		HideSolutionNode = FALSE
	EndGlobalSection
	GlobalSection(ExtensibilityGlobals) = postSolution
		SolutionGuid = {DC769BD1-A38B-41DD-8839-3CBC2A324AA2}
	EndGlobalSection
EndGlobal
